{
  "name": "@brewnode/temp-monitor",
  "version": "1.0.0",
  "lockfileVersion": 3,
  "requires": true,
  "packages": {
    "": {
      "name": "@brewnode/temp-monitor",
      "version": "1.0.0",
      "license": "Beerware",
      "dependencies": {
        "ds18x20": "^0.1.x"
      },
      "bin": {
        "temp-monitor": "bin/temp-monitor.js"
      },
      "devDependencies": {},
      "engines": {
        "node": ">=14.0.0"
      }
    },
    "node_modules/async": {
      "version": "0.2.10",
      "resolved": "https://registry.npmjs.org/async/-/async-0.2.10.tgz",
      "integrity": "sha512-eAkdoKxU6/LkKDBzLpT+t6Ff5EtfSF4wx1WfJiPEEV7WNLnDaRXk0oVysiEPm262roaachGexwUv94WhSgN5TQ=="
    },
    "node_modules/ds18x20": {
      "version": "0.1.1",
      "resolved": "https://registry.npmjs.org/ds18x20/-/ds18x20-0.1.1.tgz",
      "integrity": "sha512-ivnVJa8tyjKiM/H4bUYG9dsEIKZnJuLPmvfeJ/2bBTBjmEoFFowoVsP42Gxxs4Xgtq8qopIkLaeKO58UC1J3fg==",
      "license": "MIT",
      "dependencies": {
        "async": "~0.2.9",
        "execSync": "~1.0.1-pre",
        "sandal": "~1.0.1"
      },
      "engines": {
        "node": "*"
      }
    },
    "node_modules/execSync": {
      "version": "1.0.2",
      "resolved": "https://registry.npmjs.org/execSync/-/execSync-1.0.2.tgz",
      "integrity": "sha512-ul1uCl3e2DLlTl8z8R7OFb9PDXI08YkXbgknWZQCrpQjZh7cpntAzDI6oEqetaWpx+RdySFcxHVyG98CFg2lTQ==",
      "hasInstallScript": true,
      "license": "MIT",
      "dependencies": {
        "temp": "~0.5.1"
      },
      "engines": {
        "node": "*"
      }
    },
    "node_modules/graceful-fs": {
      "version": "1.2.3",
      "resolved": "https://registry.npmjs.org/graceful-fs/-/graceful-fs-1.2.3.tgz",
      "integrity": "sha512-iiTUZ5vZ+2ZV+h71XAgwCSu6+NAizhFU3Yw8aC/hH5SQ3SnISqEqAek40imAFGtDcwJKNhXvSY+hzIolnLwcdQ==",
      "deprecated": "please upgrade to graceful-fs 4 for compatibility with current and future versions of Node.js",
      "license": "BSD",
      "optional": true,
      "engines": {
        "node": ">=0.4.0"
      }
    },
    "node_modules/rimraf": {
      "version": "2.1.4",
      "resolved": "https://registry.npmjs.org/rimraf/-/rimraf-2.1.4.tgz",
      "integrity": "sha512-tzwmX16YQhcFu0T/m0gHBcFKx6yQAg77Z6WWaQSJsUekXYa6yaAmHhrDdmFicgauX/er7GsdN+vRao3mBhA4kQ==",
      "deprecated": "Rimraf versions prior to v4 are no longer supported",
      "license": "MIT",
      "optionalDependencies": {
        "graceful-fs": "~1"
      }
    },
    "node_modules/sandal": {
      "version": "1.0.1",
      "resolved": "https://registry.npmjs.org/sandal/-/sandal-1.0.1.tgz",
      "integrity": "sha512-GHXRpOa7IHN4CNSe0mD11m352xQ5HtMVd8ofB/g2a9pyAg6ypS4Xy1qK94AqRnTOr08aWT7M47ram3+uSK21WA==",
      "license": "MIT",
      "engines": {
        "node": "*"
      }
    },
    "node_modules/temp": {
      "version": "0.5.1",
      "resolved": "https://registry.npmjs.org/temp/-/temp-0.5.1.tgz",
      "integrity": "sha512-Gwc1QWGkf3f3d0y8wNyC9uvVqAsmVdUMPzdiLJDNVAHhlxZmSWlvVZAk1LmZcBuYcmhvJ0oHDVHksghU3VI/0w==",
      "engines": [
        "node >=0.8.0"
      ],
      "dependencies": {
        "rimraf": "~2.1.4"
      }
    }
  }
}
